<Solution>
  <Folder Name="/Services/" />
  <Folder Name="/Services/Basket/">
    <Project Path="Services/Basket/Basket.API/Basket.API.csproj" />
    <Project Path="Services/Basket/Basket.Application/Basket.Application.csproj" />
    <Project Path="Services/Basket/Basket.Core/Basket.Core.csproj" />
    <Project Path="Services/Basket/Basket.Infra/Basket.Infra.csproj" />
  </Folder>
  <Folder Name="/Services/Catalog/">
    <Project Path="Services/Catalog/Catalog.API/Catalog.API.csproj" />
    <Project Path="Services/Catalog/Catalog.Application/Catalog.Application.csproj" />
    <Project Path="Services/Catalog/Catalog.Core/Catalog.Core.csproj" />
    <Project Path="Services/Catalog/Catalog.Infra/Catalog.Infra.csproj" />
  </Folder>
</Solution>
