<Solution>
  <Folder Name="/Infrastructure/">
    <Project Path="Infrastructure/EventBus.Messages/EventBus.Messages.csproj" />
  </Folder>
  <Folder Name="/Services/" />
  <Folder Name="/Services/Basket/">
    <Project Path="Services/Basket/Basket.API/Basket.API.csproj" />
    <Project Path="Services/Basket/Basket.Application/Basket.Application.csproj" />
    <Project Path="Services/Basket/Basket.Core/Basket.Core.csproj" />
    <Project Path="Services/Basket/Basket.Infra/Basket.Infra.csproj" />
  </Folder>
  <Folder Name="/Services/Catalog/">
    <Project Path="Services/Catalog/Catalog.API/Catalog.API.csproj" />
    <Project Path="Services/Catalog/Catalog.Application/Catalog.Application.csproj" />
    <Project Path="Services/Catalog/Catalog.Core/Catalog.Core.csproj" />
    <Project Path="Services/Catalog/Catalog.Infra/Catalog.Infra.csproj" />
  </Folder>
  <Folder Name="/Services/Discount/">
    <Project Path="Services/Discount/Discount.API/Discount.API.csproj" />
    <Project Path="Services/Discount/Discount.Application/Discount.Application.csproj" />
    <Project Path="Services/Discount/Discount.Core/Discount.Core.csproj" />
    <Project Path="Services/Discount/Discount.Infra/Discount.Infra.csproj" />
  </Folder>
  <Folder Name="/Services/Ordering/">
    <Project Path="Services/Ordering/Ordering.API/Ordering.API.csproj" />
    <Project Path="Services/Ordering/Ordering.Application/Ordering.Application.csproj" />
    <Project Path="Services/Ordering/Ordering.Infra/Ordering.Infra.csproj" />
  </Folder>
  <Project Path="Services/Ordering/Ordering.Core/Ordering.Core.csproj" />
</Solution>
